
Microsoft Visual Studio Solution File, Format Version 12.00
# Visual Studio Version 17
VisualStudioVersion = 17.0.32014.148
MinimumVisualStudioVersion = 10.0.40219.1
Project("{2150E333-8FDC-42A3-9474-1A3956D46DE8}") = "Backend", "Backend", "{0E6200ED-20AC-4996-8433-198AB2E46FEE}"
EndProject
Project("{2150E333-8FDC-42A3-9474-1A3956D46DE8}") = "Frontend", "Frontend", "{125A82CA-9943-4C26-85A1-2606AB9417C3}"
EndProject
Project("{2150E333-8FDC-42A3-9474-1A3956D46DE8}") = "Core", "Core", "{233ECB81-FAD8-48E9-A6AE-99C0D54D0FC5}"
EndProject
Project("{9A19103F-16F7-4668-BE54-9A1E7A4F7556}") = "WarehouseSystem.Domain", "Backend\Core\WarehouseSystem.Domain\WarehouseSystem.Domain.csproj", "{720EF807-0F9D-418E-8E88-319F2BD2B432}"
EndProject
Project("{2150E333-8FDC-42A3-9474-1A3956D46DE8}") = "Infrastructure", "Infrastructure", "{20620A87-50C8-4CA6-A70E-4E846924B3D9}"
EndProject
Project("{9A19103F-16F7-4668-BE54-9A1E7A4F7556}") = "WarehouseSystem.DAL", "Backend\Infrastructure\WarehouseSystem.DAL\WarehouseSystem.DAL.csproj", "{20BB307B-A14A-4F04-B253-F8C7A14A395D}"
EndProject
Project("{9A19103F-16F7-4668-BE54-9A1E7A4F7556}") = "ConsoleApp1", "Frontend\ConsoleApp1\ConsoleApp1.csproj", "{8D4BC728-C5CD-44CE-927C-CE42250D91E3}"
EndProject
Project("{2150E333-8FDC-42A3-9474-1A3956D46DE8}") = "Presentation", "Presentation", "{A164909B-7301-4DC3-9907-779ED50543B1}"
EndProject
Project("{9A19103F-16F7-4668-BE54-9A1E7A4F7556}") = "WarehouseSystem.WinFormApp", "Backend\Presentation\WarehouseSystem.WinFormApp\WarehouseSystem.WinFormApp.csproj", "{52366FE2-2CF5-4D56-B5CF-A1BD72829E9A}"
EndProject
Project("{FAE04EC0-301F-11D3-BF4B-00C04F79EFBC}") = "WarehouseSystem.Application", "Backend\Core\WarehouseSystem.Application\WarehouseSystem.Application.csproj", "{C2EE52BF-0C98-4F28-B146-B1291B45178F}"
EndProject
Global
	GlobalSection(SolutionConfigurationPlatforms) = preSolution
		Debug|Any CPU = Debug|Any CPU
		Release|Any CPU = Release|Any CPU
	EndGlobalSection
	GlobalSection(ProjectConfigurationPlatforms) = postSolution
		{720EF807-0F9D-418E-8E88-319F2BD2B432}.Debug|Any CPU.ActiveCfg = Debug|Any CPU
		{720EF807-0F9D-418E-8E88-319F2BD2B432}.Debug|Any CPU.Build.0 = Debug|Any CPU
		{720EF807-0F9D-418E-8E88-319F2BD2B432}.Release|Any CPU.ActiveCfg = Release|Any CPU
		{720EF807-0F9D-418E-8E88-319F2BD2B432}.Release|Any CPU.Build.0 = Release|Any CPU
		{20BB307B-A14A-4F04-B253-F8C7A14A395D}.Debug|Any CPU.ActiveCfg = Debug|Any CPU
		{20BB307B-A14A-4F04-B253-F8C7A14A395D}.Debug|Any CPU.Build.0 = Debug|Any CPU
		{20BB307B-A14A-4F04-B253-F8C7A14A395D}.Release|Any CPU.ActiveCfg = Release|Any CPU
		{20BB307B-A14A-4F04-B253-F8C7A14A395D}.Release|Any CPU.Build.0 = Release|Any CPU
		{8D4BC728-C5CD-44CE-927C-CE42250D91E3}.Debug|Any CPU.ActiveCfg = Debug|Any CPU
		{8D4BC728-C5CD-44CE-927C-CE42250D91E3}.Debug|Any CPU.Build.0 = Debug|Any CPU
		{8D4BC728-C5CD-44CE-927C-CE42250D91E3}.Release|Any CPU.ActiveCfg = Release|Any CPU
		{8D4BC728-C5CD-44CE-927C-CE42250D91E3}.Release|Any CPU.Build.0 = Release|Any CPU
		{52366FE2-2CF5-4D56-B5CF-A1BD72829E9A}.Debug|Any CPU.ActiveCfg = Debug|Any CPU
		{52366FE2-2CF5-4D56-B5CF-A1BD72829E9A}.Debug|Any CPU.Build.0 = Debug|Any CPU
		{52366FE2-2CF5-4D56-B5CF-A1BD72829E9A}.Release|Any CPU.ActiveCfg = Release|Any CPU
		{52366FE2-2CF5-4D56-B5CF-A1BD72829E9A}.Release|Any CPU.Build.0 = Release|Any CPU
		{C2EE52BF-0C98-4F28-B146-B1291B45178F}.Debug|Any CPU.ActiveCfg = Debug|Any CPU
		{C2EE52BF-0C98-4F28-B146-B1291B45178F}.Debug|Any CPU.Build.0 = Debug|Any CPU
		{C2EE52BF-0C98-4F28-B146-B1291B45178F}.Release|Any CPU.ActiveCfg = Release|Any CPU
		{C2EE52BF-0C98-4F28-B146-B1291B45178F}.Release|Any CPU.Build.0 = Release|Any CPU
	EndGlobalSection
	GlobalSection(SolutionProperties) = preSolution
		HideSolutionNode = FALSE
	EndGlobalSection
	GlobalSection(NestedProjects) = preSolution
		{233ECB81-FAD8-48E9-A6AE-99C0D54D0FC5} = {0E6200ED-20AC-4996-8433-198AB2E46FEE}
		{720EF807-0F9D-418E-8E88-319F2BD2B432} = {233ECB81-FAD8-48E9-A6AE-99C0D54D0FC5}
		{20620A87-50C8-4CA6-A70E-4E846924B3D9} = {0E6200ED-20AC-4996-8433-198AB2E46FEE}
		{20BB307B-A14A-4F04-B253-F8C7A14A395D} = {20620A87-50C8-4CA6-A70E-4E846924B3D9}
		{8D4BC728-C5CD-44CE-927C-CE42250D91E3} = {125A82CA-9943-4C26-85A1-2606AB9417C3}
		{A164909B-7301-4DC3-9907-779ED50543B1} = {0E6200ED-20AC-4996-8433-198AB2E46FEE}
		{52366FE2-2CF5-4D56-B5CF-A1BD72829E9A} = {A164909B-7301-4DC3-9907-779ED50543B1}
		{C2EE52BF-0C98-4F28-B146-B1291B45178F} = {233ECB81-FAD8-48E9-A6AE-99C0D54D0FC5}
	EndGlobalSection
	GlobalSection(ExtensibilityGlobals) = postSolution
		SolutionGuid = {411CCC05-7A5A-46B5-8D55-4747D4391B7E}
	EndGlobalSection
EndGlobal
