
Microsoft Visual Studio Solution File, Format Version 12.00
# Visual Studio Version 17
VisualStudioVersion = 17.0.32014.148
MinimumVisualStudioVersion = 10.0.40219.1
Project("{2150E333-8FDC-42A3-9474-1A3956D46DE8}") = "Backend", "Backend", "{0E6200ED-20AC-4996-8433-198AB2E46FEE}"
EndProject
Project("{2150E333-8FDC-42A3-9474-1A3956D46DE8}") = "Core", "Core", "{233ECB81-FAD8-48E9-A6AE-99C0D54D0FC5}"
EndProject
Project("{2150E333-8FDC-42A3-9474-1A3956D46DE8}") = "DAL", "DAL", "{20620A87-50C8-4CA6-A70E-4E846924B3D9}"
EndProject
Project("{2150E333-8FDC-42A3-9474-1A3956D46DE8}") = "Presentation", "Presentation", "{A164909B-7301-4DC3-9907-779ED50543B1}"
EndProject
Project("{9A19103F-16F7-4668-BE54-9A1E7A4F7556}") = "WarehouseSystem.WinFormApp", "Backend\Presentation\WarehouseSystem.WinFormApp\WarehouseSystem.WinFormApp.csproj", "{52366FE2-2CF5-4D56-B5CF-A1BD72829E9A}"
EndProject
Project("{9A19103F-16F7-4668-BE54-9A1E7A4F7556}") = "WarehouseSystem.Application", "Backend\Core\WarehouseSystem.Application\WarehouseSystem.Application.csproj", "{C2EE52BF-0C98-4F28-B146-B1291B45178F}"
EndProject
Project("{9A19103F-16F7-4668-BE54-9A1E7A4F7556}") = "WarehouseSystem.DAL", "Backend\DAL\WarehouseSystem.DAL\WarehouseSystem.DAL.csproj", "{DD507DA0-229C-40FE-8F62-7E367C1B50FF}"
EndProject
Global
	GlobalSection(SolutionConfigurationPlatforms) = preSolution
		Debug|Any CPU = Debug|Any CPU
		Release|Any CPU = Release|Any CPU
	EndGlobalSection
	GlobalSection(ProjectConfigurationPlatforms) = postSolution
		{52366FE2-2CF5-4D56-B5CF-A1BD72829E9A}.Debug|Any CPU.ActiveCfg = Debug|Any CPU
		{52366FE2-2CF5-4D56-B5CF-A1BD72829E9A}.Debug|Any CPU.Build.0 = Debug|Any CPU
		{52366FE2-2CF5-4D56-B5CF-A1BD72829E9A}.Release|Any CPU.ActiveCfg = Release|Any CPU
		{52366FE2-2CF5-4D56-B5CF-A1BD72829E9A}.Release|Any CPU.Build.0 = Release|Any CPU
		{C2EE52BF-0C98-4F28-B146-B1291B45178F}.Debug|Any CPU.ActiveCfg = Debug|Any CPU
		{C2EE52BF-0C98-4F28-B146-B1291B45178F}.Debug|Any CPU.Build.0 = Debug|Any CPU
		{C2EE52BF-0C98-4F28-B146-B1291B45178F}.Release|Any CPU.ActiveCfg = Release|Any CPU
		{C2EE52BF-0C98-4F28-B146-B1291B45178F}.Release|Any CPU.Build.0 = Release|Any CPU
		{DD507DA0-229C-40FE-8F62-7E367C1B50FF}.Debug|Any CPU.ActiveCfg = Debug|Any CPU
		{DD507DA0-229C-40FE-8F62-7E367C1B50FF}.Debug|Any CPU.Build.0 = Debug|Any CPU
		{DD507DA0-229C-40FE-8F62-7E367C1B50FF}.Release|Any CPU.ActiveCfg = Release|Any CPU
		{DD507DA0-229C-40FE-8F62-7E367C1B50FF}.Release|Any CPU.Build.0 = Release|Any CPU
	EndGlobalSection
	GlobalSection(SolutionProperties) = preSolution
		HideSolutionNode = FALSE
	EndGlobalSection
	GlobalSection(NestedProjects) = preSolution
		{233ECB81-FAD8-48E9-A6AE-99C0D54D0FC5} = {0E6200ED-20AC-4996-8433-198AB2E46FEE}
		{20620A87-50C8-4CA6-A70E-4E846924B3D9} = {0E6200ED-20AC-4996-8433-198AB2E46FEE}
		{A164909B-7301-4DC3-9907-779ED50543B1} = {0E6200ED-20AC-4996-8433-198AB2E46FEE}
		{52366FE2-2CF5-4D56-B5CF-A1BD72829E9A} = {A164909B-7301-4DC3-9907-779ED50543B1}
		{C2EE52BF-0C98-4F28-B146-B1291B45178F} = {233ECB81-FAD8-48E9-A6AE-99C0D54D0FC5}
		{DD507DA0-229C-40FE-8F62-7E367C1B50FF} = {20620A87-50C8-4CA6-A70E-4E846924B3D9}
	EndGlobalSection
	GlobalSection(ExtensibilityGlobals) = postSolution
		SolutionGuid = {411CCC05-7A5A-46B5-8D55-4747D4391B7E}
	EndGlobalSection
EndGlobal
